
Microsoft Visual Studio Solution File, Format Version 11.00
# Visual Studio 2010
Project("{FAE04EC0-301F-11D3-BF4B-00C04F79EFBC}") = "Kipunji", "Kipunji\Kipunji.csproj", "{735EDC54-0129-4F37-8B00-BF2C541C6B94}"
EndProject
Global
	GlobalSection(SolutionConfigurationPlatforms) = preSolution
		Debug|Any CPU = Debug|Any CPU
		Release|Any CPU = Release|Any CPU
	EndGlobalSection
	GlobalSection(ProjectConfigurationPlatforms) = postSolution
		{735EDC54-0129-4F37-8B00-BF2C541C6B94}.Debug|Any CPU.ActiveCfg = Debug|Any CPU
		{735EDC54-0129-4F37-8B00-BF2C541C6B94}.Debug|Any CPU.Build.0 = Debug|Any CPU
		{735EDC54-0129-4F37-8B00-BF2C541C6B94}.Release|Any CPU.ActiveCfg = Release|Any CPU
		{735EDC54-0129-4F37-8B00-BF2C541C6B94}.Release|Any CPU.Build.0 = Release|Any CPU
	EndGlobalSection
	GlobalSection(SolutionProperties) = preSolution
		HideSolutionNode = FALSE
	EndGlobalSection
EndGlobal
